
Microsoft Visual Studio Solution File, Format Version 12.00
# Visual Studio Version 17
VisualStudioVersion = 17.11.35327.3
MinimumVisualStudioVersion = 10.0.40219.1
Project("{FAE04EC0-301F-11D3-BF4B-00C04F79EFBC}") = "WinFormsApp12", "WinFormsApp12\WinFormsApp12.csproj", "{BB20B698-3224-4BBF-96DE-5B68F2ECD4CB}"
EndProject
Global
	GlobalSection(SolutionConfigurationPlatforms) = preSolution
		Debug|Any CPU = Debug|Any CPU
		Release|Any CPU = Release|Any CPU
	EndGlobalSection
	GlobalSection(ProjectConfigurationPlatforms) = postSolution
		{BB20B698-3224-4BBF-96DE-5B68F2ECD4CB}.Debug|Any CPU.ActiveCfg = Debug|Any CPU
		{BB20B698-3224-4BBF-96DE-5B68F2ECD4CB}.Debug|Any CPU.Build.0 = Debug|Any CPU
		{BB20B698-3224-4BBF-96DE-5B68F2ECD4CB}.Release|Any CPU.ActiveCfg = Release|Any CPU
		{BB20B698-3224-4BBF-96DE-5B68F2ECD4CB}.Release|Any CPU.Build.0 = Release|Any CPU
	EndGlobalSection
	GlobalSection(SolutionProperties) = preSolution
		HideSolutionNode = FALSE
	EndGlobalSection
	GlobalSection(ExtensibilityGlobals) = postSolution
		SolutionGuid = {6D6B6789-1276-460D-BF9B-660AF7397B7F}
	EndGlobalSection
EndGlobal
